# This file is autogenerated, do not edit; changes may be undone by the next 'dep ensure'.


[[projects]]
  branch = "master"
  digest = "1:32f5a38e498ecef0a4514ba2608473a7d06c97bdb5e3823a71e4cfb02204dfd5"
  name = "github.com/hhrutter/lzw"
  packages = ["."]
  pruneopts = "UT"
  revision = "6f07a24e8650c51b71eb29219a1f243f91658cf4"

[[projects]]
  branch = "master"
  digest = "1:4c0162a2ea3824b851391ea6b28ac22e3b6d96179ca4724c9dd0e7e80c7120d7"
  name = "github.com/hhrutter/tiff"
  packages = ["."]
  pruneopts = "UT"
  revision = "736cae8d0bc75b2649c1fc625160df41b66b9795"

[[projects]]
  digest = "1:ba2b1cc1068716e04d7e2d30eec6bb34d2e3c43807ab6567cfef1d124937ec83"
  name = "github.com/pdfcpu/pdfcpu"
  packages = [
    "internal/corefont/metrics",
    "pkg/api",
    "pkg/filter",
    "pkg/font",
    "pkg/log",
    "pkg/pdfcpu",
    "pkg/pdfcpu/validate",
    "pkg/types",
  ]
  pruneopts = "UT"
  revision = "64408047d38b722de062304c9f0f02870dc8bad6"
  version = "v0.3.1"

[[projects]]
  digest = "1:cf31692c14422fa27c83a05292eb5cbe0fb2775972e8f1f8446a71549bd8980b"
  name = "github.com/pkg/errors"
  packages = ["."]
  pruneopts = "UT"
  revision = "ba968bfe8b2f7e042a574c888954fccecfa385b4"
  version = "v0.8.1"

[[projects]]
  branch = "master"
  digest = "1:2d79dbf1ea7199dd4e1da83ec368da3fb37faaf25d694f2e629049975d0aaeb9"
  name = "golang.org/x/image"
  packages = ["ccitt"]
  pruneopts = "UT"
  revision = "9130b4cfad522142c86367afe5e34ce811a85a4b"

[solve-meta]
  analyzer-name = "dep"
  analyzer-version = 1
  input-imports = [
    "github.com/pdfcpu/pdfcpu/pkg/api",
    "github.com/pdfcpu/pdfcpu/pkg/pdfcpu",
  ]
  solver-name = "gps-cdcl"
  solver-version = 1
